// !$*UTF8*$!
{
	archiveVersion = 1;
	classes = {
	};
	objectVersion = 77;
	objects = {

/* Begin PBXContainerItemProxy section */
		7646BB062C7A8C7A00321B24 /* PBXContainerItemProxy */ = {
			isa = PBXContainerItemProxy;
			containerPortal = 7646BAEC2C7A8C7800321B24 /* Project object */;
			proxyType = 1;
			remoteGlobalIDString = 7646BAF32C7A8C7800321B24;
			remoteInfo = SwiftIslandWorkshop;
		};
		7646BB102C7A8C7A00321B24 /* PBXContainerItemProxy */ = {
			isa = PBXContainerItemProxy;
			containerPortal = 7646BAEC2C7A8C7800321B24 /* Project object */;
			proxyType = 1;
			remoteGlobalIDString = 7646BAF32C7A8C7800321B24;
			remoteInfo = SwiftIslandWorkshop;
		};
/* End PBXContainerItemProxy section */

/* Begin PBXFileReference section */
		7646BAF42C7A8C7800321B24 /* SwiftIslandWorkshop.app */ = {isa = PBXFileReference; explicitFileType = wrapper.application; includeInIndex = 0; path = SwiftIslandWorkshop.app; sourceTree = BUILT_PRODUCTS_DIR; };
		7646BB052C7A8C7A00321B24 /* SwiftIslandWorkshopTests.xctest */ = {isa = PBXFileReference; explicitFileType = wrapper.cfbundle; includeInIndex = 0; path = SwiftIslandWorkshopTests.xctest; sourceTree = BUILT_PRODUCTS_DIR; };
		7646BB0F2C7A8C7A00321B24 /* SwiftIslandWorkshopUITests.xctest */ = {isa = PBXFileReference; explicitFileType = wrapper.cfbundle; includeInIndex = 0; path = SwiftIslandWorkshopUITests.xctest; sourceTree = BUILT_PRODUCTS_DIR; };
/* End PBXFileReference section */

/* Begin PBXFileSystemSynchronizedRootGroup section */
		7646BAF62C7A8C7800321B24 /* SwiftIslandWorkshop */ = {
			isa = PBXFileSystemSynchronizedRootGroup;
			path = SwiftIslandWorkshop;
			sourceTree = "<group>";
		};
		7646BB082C7A8C7A00321B24 /* SwiftIslandWorkshopTests */ = {
			isa = PBXFileSystemSynchronizedRootGroup;
			path = SwiftIslandWorkshopTests;
			sourceTree = "<group>";
		};
		7646BB122C7A8C7A00321B24 /* SwiftIslandWorkshopUITests */ = {
			isa = PBXFileSystemSynchronizedRootGroup;
			path = SwiftIslandWorkshopUITests;
			sourceTree = "<group>";
		};
/* End PBXFileSystemSynchronizedRootGroup section */

/* Begin PBXFrameworksBuildPhase section */
		7646BAF12C7A8C7800321B24 /* Frameworks */ = {
			isa = PBXFrameworksBuildPhase;
			buildActionMask = 2147483647;
			files = (
			);
			runOnlyForDeploymentPostprocessing = 0;
		};
		7646BB022C7A8C7A00321B24 /* Frameworks */ = {
			isa = PBXFrameworksBuildPhase;
			buildActionMask = 2147483647;
			files = (
			);
			runOnlyForDeploymentPostprocessing = 0;
		};
		7646BB0C2C7A8C7A00321B24 /* Frameworks */ = {
			isa = PBXFrameworksBuildPhase;
			buildActionMask = 2147483647;
			files = (
			);
			runOnlyForDeploymentPostprocessing = 0;
		};
/* End PBXFrameworksBuildPhase section */

/* Begin PBXGroup section */
		7646BAEB2C7A8C7800321B24 = {
			isa = PBXGroup;
			children = (
				7646BAF62C7A8C7800321B24 /* SwiftIslandWorkshop */,
				7646BB082C7A8C7A00321B24 /* SwiftIslandWorkshopTests */,
				7646BB122C7A8C7A00321B24 /* SwiftIslandWorkshopUITests */,
				7646BAF52C7A8C7800321B24 /* Products */,
			);
			sourceTree = "<group>";
		};
		7646BAF52C7A8C7800321B24 /* Products */ = {
			isa = PBXGroup;
			children = (
				7646BAF42C7A8C7800321B24 /* SwiftIslandWorkshop.app */,
				7646BB052C7A8C7A00321B24 /* SwiftIslandWorkshopTests.xctest */,
				7646BB0F2C7A8C7A00321B24 /* SwiftIslandWorkshopUITests.xctest */,
			);
			name = Products;
			sourceTree = "<group>";
		};
/* End PBXGroup section */

/* Begin PBXNativeTarget section */
		7646BAF32C7A8C7800321B24 /* SwiftIslandWorkshop */ = {
			isa = PBXNativeTarget;
			buildConfigurationList = 7646BB192C7A8C7A00321B24 /* Build configuration list for PBXNativeTarget "SwiftIslandWorkshop" */;
			buildPhases = (
				7646BAF02C7A8C7800321B24 /* Sources */,
				7646BAF12C7A8C7800321B24 /* Frameworks */,
				7646BAF22C7A8C7800321B24 /* Resources */,
			);
			buildRules = (
			);
			dependencies = (
			);
			fileSystemSynchronizedGroups = (
				7646BAF62C7A8C7800321B24 /* SwiftIslandWorkshop */,
			);
			name = SwiftIslandWorkshop;
			packageProductDependencies = (
			);
			productName = SwiftIslandWorkshop;
			productReference = 7646BAF42C7A8C7800321B24 /* SwiftIslandWorkshop.app */;
			productType = "com.apple.product-type.application";
		};
		7646BB042C7A8C7A00321B24 /* SwiftIslandWorkshopTests */ = {
			isa = PBXNativeTarget;
			buildConfigurationList = 7646BB1C2C7A8C7A00321B24 /* Build configuration list for PBXNativeTarget "SwiftIslandWorkshopTests" */;
			buildPhases = (
				7646BB012C7A8C7A00321B24 /* Sources */,
				7646BB022C7A8C7A00321B24 /* Frameworks */,
				7646BB032C7A8C7A00321B24 /* Resources */,
			);
			buildRules = (
			);
			dependencies = (
				7646BB072C7A8C7A00321B24 /* PBXTargetDependency */,
			);
			fileSystemSynchronizedGroups = (
				7646BB082C7A8C7A00321B24 /* SwiftIslandWorkshopTests */,
			);
			name = SwiftIslandWorkshopTests;
			packageProductDependencies = (
			);
			productName = SwiftIslandWorkshopTests;
			productReference = 7646BB052C7A8C7A00321B24 /* SwiftIslandWorkshopTests.xctest */;
			productType = "com.apple.product-type.bundle.unit-test";
		};
		7646BB0E2C7A8C7A00321B24 /* SwiftIslandWorkshopUITests */ = {
			isa = PBXNativeTarget;
			buildConfigurationList = 7646BB1F2C7A8C7A00321B24 /* Build configuration list for PBXNativeTarget "SwiftIslandWorkshopUITests" */;
			buildPhases = (
				7646BB0B2C7A8C7A00321B24 /* Sources */,
				7646BB0C2C7A8C7A00321B24 /* Frameworks */,
				7646BB0D2C7A8C7A00321B24 /* Resources */,
			);
			buildRules = (
			);
			dependencies = (
				7646BB112C7A8C7A00321B24 /* PBXTargetDependency */,
			);
			fileSystemSynchronizedGroups = (
				7646BB122C7A8C7A00321B24 /* SwiftIslandWorkshopUITests */,
			);
			name = SwiftIslandWorkshopUITests;
			packageProductDependencies = (
			);
			productName = SwiftIslandWorkshopUITests;
			productReference = 7646BB0F2C7A8C7A00321B24 /* SwiftIslandWorkshopUITests.xctest */;
			productType = "com.apple.product-type.bundle.ui-testing";
		};
/* End PBXNativeTarget section */

/* Begin PBXProject section */
		7646BAEC2C7A8C7800321B24 /* Project object */ = {
			isa = PBXProject;
			attributes = {
				BuildIndependentTargetsInParallel = 1;
				LastSwiftUpdateCheck = 1600;
				LastUpgradeCheck = 1600;
				TargetAttributes = {
					7646BAF32C7A8C7800321B24 = {
						CreatedOnToolsVersion = 16.0;
					};
					7646BB042C7A8C7A00321B24 = {
						CreatedOnToolsVersion = 16.0;
						TestTargetID = 7646BAF32C7A8C7800321B24;
					};
					7646BB0E2C7A8C7A00321B24 = {
						CreatedOnToolsVersion = 16.0;
						TestTargetID = 7646BAF32C7A8C7800321B24;
					};
				};
			};
			buildConfigurationList = 7646BAEF2C7A8C7800321B24 /* Build configuration list for PBXProject "SwiftIslandWorkshop" */;
			developmentRegion = en;
			hasScannedForEncodings = 0;
			knownRegions = (
				en,
				Base,
			);
			mainGroup = 7646BAEB2C7A8C7800321B24;
			minimizedProjectReferenceProxies = 1;
			preferredProjectObjectVersion = 77;
			productRefGroup = 7646BAF52C7A8C7800321B24 /* Products */;
			projectDirPath = "";
			projectRoot = "";
			targets = (
				7646BAF32C7A8C7800321B24 /* SwiftIslandWorkshop */,
				7646BB042C7A8C7A00321B24 /* SwiftIslandWorkshopTests */,
				7646BB0E2C7A8C7A00321B24 /* SwiftIslandWorkshopUITests */,
			);
		};
/* End PBXProject section */

/* Begin PBXResourcesBuildPhase section */
		7646BAF22C7A8C7800321B24 /* Resources */ = {
			isa = PBXResourcesBuildPhase;
			buildActionMask = 2147483647;
			files = (
			);
			runOnlyForDeploymentPostprocessing = 0;
		};
		7646BB032C7A8C7A00321B24 /* Resources */ = {
			isa = PBXResourcesBuildPhase;
			buildActionMask = 2147483647;
			files = (
			);
			runOnlyForDeploymentPostprocessing = 0;
		};
		7646BB0D2C7A8C7A00321B24 /* Resources */ = {
			isa = PBXResourcesBuildPhase;
			buildActionMask = 2147483647;
			files = (
			);
			runOnlyForDeploymentPostprocessing = 0;
		};
/* End PBXResourcesBuildPhase section */

/* Begin PBXSourcesBuildPhase section */
		7646BAF02C7A8C7800321B24 /* Sources */ = {
			isa = PBXSourcesBuildPhase;
			buildActionMask = 2147483647;
			files = (
			);
			runOnlyForDeploymentPostprocessing = 0;
		};
		7646BB012C7A8C7A00321B24 /* Sources */ = {
			isa = PBXSourcesBuildPhase;
			buildActionMask = 2147483647;
			files = (
			);
			runOnlyForDeploymentPostprocessing = 0;
		};
		7646BB0B2C7A8C7A00321B24 /* Sources */ = {
			isa = PBXSourcesBuildPhase;
			buildActionMask = 2147483647;
			files = (
			);
			runOnlyForDeploymentPostprocessing = 0;
		};
/* End PBXSourcesBuildPhase section */

/* Begin PBXTargetDependency section */
		7646BB072C7A8C7A00321B24 /* PBXTargetDependency */ = {
			isa = PBXTargetDependency;
			target = 7646BAF32C7A8C7800321B24 /* SwiftIslandWorkshop */;
			targetProxy = 7646BB062C7A8C7A00321B24 /* PBXContainerItemProxy */;
		};
		7646BB112C7A8C7A00321B24 /* PBXTargetDependency */ = {
			isa = PBXTargetDependency;
			target = 7646BAF32C7A8C7800321B24 /* SwiftIslandWorkshop */;
			targetProxy = 7646BB102C7A8C7A00321B24 /* PBXContainerItemProxy */;
		};
/* End PBXTargetDependency section */

/* Begin XCBuildConfiguration section */
		7646BB172C7A8C7A00321B24 /* Debug */ = {
			isa = XCBuildConfiguration;
			buildSettings = {
				ALWAYS_SEARCH_USER_PATHS = NO;
				ASSETCATALOG_COMPILER_GENERATE_SWIFT_ASSET_SYMBOL_EXTENSIONS = YES;
				CLANG_ANALYZER_NONNULL = YES;
				CLANG_ANALYZER_NUMBER_OBJECT_CONVERSION = YES_AGGRESSIVE;
				CLANG_CXX_LANGUAGE_STANDARD = "gnu++20";
				CLANG_ENABLE_MODULES = YES;
				CLANG_ENABLE_OBJC_ARC = YES;
				CLANG_ENABLE_OBJC_WEAK = YES;
				CLANG_WARN_BLOCK_CAPTURE_AUTORELEASING = YES;
				CLANG_WARN_BOOL_CONVERSION = YES;
				CLANG_WARN_COMMA = YES;
				CLANG_WARN_CONSTANT_CONVERSION = YES;
				CLANG_WARN_DEPRECATED_OBJC_IMPLEMENTATIONS = YES;
				CLANG_WARN_DIRECT_OBJC_ISA_USAGE = YES_ERROR;
				CLANG_WARN_DOCUMENTATION_COMMENTS = YES;
				CLANG_WARN_EMPTY_BODY = YES;
				CLANG_WARN_ENUM_CONVERSION = YES;
				CLANG_WARN_INFINITE_RECURSION = YES;
				CLANG_WARN_INT_CONVERSION = YES;
				CLANG_WARN_NON_LITERAL_NULL_CONVERSION = YES;
				CLANG_WARN_OBJC_IMPLICIT_RETAIN_SELF = YES;
				CLANG_WARN_OBJC_LITERAL_CONVERSION = YES;
				CLANG_WARN_OBJC_ROOT_CLASS = YES_ERROR;
				CLANG_WARN_QUOTED_INCLUDE_IN_FRAMEWORK_HEADER = YES;
				CLANG_WARN_RANGE_LOOP_ANALYSIS = YES;
				CLANG_WARN_STRICT_PROTOTYPES = YES;
				CLANG_WARN_SUSPICIOUS_MOVE = YES;
				CLANG_WARN_UNGUARDED_AVAILABILITY = YES_AGGRESSIVE;
				CLANG_WARN_UNREACHABLE_CODE = YES;
				CLANG_WARN__DUPLICATE_METHOD_MATCH = YES;
				COPY_PHASE_STRIP = NO;
				DEBUG_INFORMATION_FORMAT = dwarf;
				ENABLE_STRICT_OBJC_MSGSEND = YES;
				ENABLE_TESTABILITY = YES;
				ENABLE_USER_SCRIPT_SANDBOXING = YES;
				GCC_C_LANGUAGE_STANDARD = gnu17;
				GCC_DYNAMIC_NO_PIC = NO;
				GCC_NO_COMMON_BLOCKS = YES;
				GCC_OPTIMIZATION_LEVEL = 0;
				GCC_PREPROCESSOR_DEFINITIONS = (
					"DEBUG=1",
					"$(inherited)",
				);
				GCC_WARN_64_TO_32_BIT_CONVERSION = YES;
				GCC_WARN_ABOUT_RETURN_TYPE = YES_ERROR;
				GCC_WARN_UNDECLARED_SELECTOR = YES;
				GCC_WARN_UNINITIALIZED_AUTOS = YES_AGGRESSIVE;
				GCC_WARN_UNUSED_FUNCTION = YES;
				GCC_WARN_UNUSED_VARIABLE = YES;
				LOCALIZATION_PREFERS_STRING_CATALOGS = YES;
				MTL_ENABLE_DEBUG_INFO = INCLUDE_SOURCE;
				MTL_FAST_MATH = YES;
				ONLY_ACTIVE_ARCH = YES;
				SWIFT_ACTIVE_COMPILATION_CONDITIONS = "DEBUG $(inherited)";
				SWIFT_OPTIMIZATION_LEVEL = "-Onone";
			};
			name = Debug;
		};
		7646BB182C7A8C7A00321B24 /* Release */ = {
			isa = XCBuildConfiguration;
			buildSettings = {
				ALWAYS_SEARCH_USER_PATHS = NO;
				ASSETCATALOG_COMPILER_GENERATE_SWIFT_ASSET_SYMBOL_EXTENSIONS = YES;
				CLANG_ANALYZER_NONNULL = YES;
				CLANG_ANALYZER_NUMBER_OBJECT_CONVERSION = YES_AGGRESSIVE;
				CLANG_CXX_LANGUAGE_STANDARD = "gnu++20";
				CLANG_ENABLE_MODULES = YES;
				CLANG_ENABLE_OBJC_ARC = YES;
				CLANG_ENABLE_OBJC_WEAK = YES;
				CLANG_WARN_BLOCK_CAPTURE_AUTORELEASING = YES;
				CLANG_WARN_BOOL_CONVERSION = YES;
				CLANG_WARN_COMMA = YES;
				CLANG_WARN_CONSTANT_CONVERSION = YES;
				CLANG_WARN_DEPRECATED_OBJC_IMPLEMENTATIONS = YES;
				CLANG_WARN_DIRECT_OBJC_ISA_USAGE = YES_ERROR;
				CLANG_WARN_DOCUMENTATION_COMMENTS = YES;
				CLANG_WARN_EMPTY_BODY = YES;
				CLANG_WARN_ENUM_CONVERSION = YES;
				CLANG_WARN_INFINITE_RECURSION = YES;
				CLANG_WARN_INT_CONVERSION = YES;
				CLANG_WARN_NON_LITERAL_NULL_CONVERSION = YES;
				CLANG_WARN_OBJC_IMPLICIT_RETAIN_SELF = YES;
				CLANG_WARN_OBJC_LITERAL_CONVERSION = YES;
				CLANG_WARN_OBJC_ROOT_CLASS = YES_ERROR;
				CLANG_WARN_QUOTED_INCLUDE_IN_FRAMEWORK_HEADER = YES;
				CLANG_WARN_RANGE_LOOP_ANALYSIS = YES;
				CLANG_WARN_STRICT_PROTOTYPES = YES;
				CLANG_WARN_SUSPICIOUS_MOVE = YES;
				CLANG_WARN_UNGUARDED_AVAILABILITY = YES_AGGRESSIVE;
				CLANG_WARN_UNREACHABLE_CODE = YES;
				CLANG_WARN__DUPLICATE_METHOD_MATCH = YES;
				COPY_PHASE_STRIP = NO;
				DEBUG_INFORMATION_FORMAT = "dwarf-with-dsym";
				ENABLE_NS_ASSERTIONS = NO;
				ENABLE_STRICT_OBJC_MSGSEND = YES;
				ENABLE_USER_SCRIPT_SANDBOXING = YES;
				GCC_C_LANGUAGE_STANDARD = gnu17;
				GCC_NO_COMMON_BLOCKS = YES;
				GCC_WARN_64_TO_32_BIT_CONVERSION = YES;
				GCC_WARN_ABOUT_RETURN_TYPE = YES_ERROR;
				GCC_WARN_UNDECLARED_SELECTOR = YES;
				GCC_WARN_UNINITIALIZED_AUTOS = YES_AGGRESSIVE;
				GCC_WARN_UNUSED_FUNCTION = YES;
				GCC_WARN_UNUSED_VARIABLE = YES;
				LOCALIZATION_PREFERS_STRING_CATALOGS = YES;
				MTL_ENABLE_DEBUG_INFO = NO;
				MTL_FAST_MATH = YES;
				SWIFT_COMPILATION_MODE = wholemodule;
			};
			name = Release;
		};
		7646BB1A2C7A8C7A00321B24 /* Debug */ = {
			isa = XCBuildConfiguration;
			buildSettings = {
				ASSETCATALOG_COMPILER_APPICON_NAME = AppIcon;
				ASSETCATALOG_COMPILER_GLOBAL_ACCENT_COLOR_NAME = AccentColor;
				CODE_SIGN_ENTITLEMENTS = SwiftIslandWorkshop/SwiftIslandWorkshop.entitlements;
				CODE_SIGN_STYLE = Automatic;
				CURRENT_PROJECT_VERSION = 1;
				DEVELOPMENT_ASSET_PATHS = "\"SwiftIslandWorkshop/Preview Content\"";
				DEVELOPMENT_TEAM = VEUVN4UK7N;
				ENABLE_HARDENED_RUNTIME = YES;
				ENABLE_PREVIEWS = YES;
				GENERATE_INFOPLIST_FILE = YES;
				"INFOPLIST_KEY_UIApplicationSceneManifest_Generation[sdk=iphoneos*]" = YES;
				"INFOPLIST_KEY_UIApplicationSceneManifest_Generation[sdk=iphonesimulator*]" = YES;
				"INFOPLIST_KEY_UIApplicationSupportsIndirectInputEvents[sdk=iphoneos*]" = YES;
				"INFOPLIST_KEY_UIApplicationSupportsIndirectInputEvents[sdk=iphonesimulator*]" = YES;
				"INFOPLIST_KEY_UILaunchScreen_Generation[sdk=iphoneos*]" = YES;
				"INFOPLIST_KEY_UILaunchScreen_Generation[sdk=iphonesimulator*]" = YES;
				"INFOPLIST_KEY_UIStatusBarStyle[sdk=iphoneos*]" = UIStatusBarStyleDefault;
				"INFOPLIST_KEY_UIStatusBarStyle[sdk=iphonesimulator*]" = UIStatusBarStyleDefault;
				INFOPLIST_KEY_UISupportedInterfaceOrientations_iPad = "UIInterfaceOrientationPortrait UIInterfaceOrientationPortraitUpsideDown UIInterfaceOrientationLandscapeLeft UIInterfaceOrientationLandscapeRight";
				INFOPLIST_KEY_UISupportedInterfaceOrientations_iPhone = "UIInterfaceOrientationPortrait UIInterfaceOrientationLandscapeLeft UIInterfaceOrientationLandscapeRight";
				IPHONEOS_DEPLOYMENT_TARGET = 18.0;
				LD_RUNPATH_SEARCH_PATHS = "@executable_path/Frameworks";
				"LD_RUNPATH_SEARCH_PATHS[sdk=macosx*]" = "@executable_path/../Frameworks";
				MACOSX_DEPLOYMENT_TARGET = 14.6;
				MARKETING_VERSION = 1.0;
				PRODUCT_BUNDLE_IDENTIFIER = com.zebaze.SwiftIslandWorkshop;
				PRODUCT_NAME = "$(TARGET_NAME)";
				SDKROOT = auto;
				SUPPORTED_PLATFORMS = "iphoneos iphonesimulator macosx xros xrsimulator";
				SWIFT_EMIT_LOC_STRINGS = YES;
				SWIFT_VERSION = 5.0;
				TARGETED_DEVICE_FAMILY = "1,2,7";
				XROS_DEPLOYMENT_TARGET = 2.0;
			};
			name = Debug;
		};
		7646BB1B2C7A8C7A00321B24 /* Release */ = {
			isa = XCBuildConfiguration;
			buildSettings = {
				ASSETCATALOG_COMPILER_APPICON_NAME = AppIcon;
				ASSETCATALOG_COMPILER_GLOBAL_ACCENT_COLOR_NAME = AccentColor;
				CODE_SIGN_ENTITLEMENTS = SwiftIslandWorkshop/SwiftIslandWorkshop.entitlements;
				CODE_SIGN_STYLE = Automatic;
				CURRENT_PROJECT_VERSION = 1;
				DEVELOPMENT_ASSET_PATHS = "\"SwiftIslandWorkshop/Preview Content\"";
				DEVELOPMENT_TEAM = VEUVN4UK7N;
				ENABLE_HARDENED_RUNTIME = YES;
				ENABLE_PREVIEWS = YES;
				GENERATE_INFOPLIST_FILE = YES;
				"INFOPLIST_KEY_UIApplicationSceneManifest_Generation[sdk=iphoneos*]" = YES;
				"INFOPLIST_KEY_UIApplicationSceneManifest_Generation[sdk=iphonesimulator*]" = YES;
				"INFOPLIST_KEY_UIApplicationSupportsIndirectInputEvents[sdk=iphoneos*]" = YES;
				"INFOPLIST_KEY_UIApplicationSupportsIndirectInputEvents[sdk=iphonesimulator*]" = YES;
				"INFOPLIST_KEY_UILaunchScreen_Generation[sdk=iphoneos*]" = YES;
				"INFOPLIST_KEY_UILaunchScreen_Generation[sdk=iphonesimulator*]" = YES;
				"INFOPLIST_KEY_UIStatusBarStyle[sdk=iphoneos*]" = UIStatusBarStyleDefault;
				"INFOPLIST_KEY_UIStatusBarStyle[sdk=iphonesimulator*]" = UIStatusBarStyleDefault;
				INFOPLIST_KEY_UISupportedInterfaceOrientations_iPad = "UIInterfaceOrientationPortrait UIInterfaceOrientationPortraitUpsideDown UIInterfaceOrientationLandscapeLeft UIInterfaceOrientationLandscapeRight";
				INFOPLIST_KEY_UISupportedInterfaceOrientations_iPhone = "UIInterfaceOrientationPortrait UIInterfaceOrientationLandscapeLeft UIInterfaceOrientationLandscapeRight";
				IPHONEOS_DEPLOYMENT_TARGET = 18.0;
				LD_RUNPATH_SEARCH_PATHS = "@executable_path/Frameworks";
				"LD_RUNPATH_SEARCH_PATHS[sdk=macosx*]" = "@executable_path/../Frameworks";
				MACOSX_DEPLOYMENT_TARGET = 14.6;
				MARKETING_VERSION = 1.0;
				PRODUCT_BUNDLE_IDENTIFIER = com.zebaze.SwiftIslandWorkshop;
				PRODUCT_NAME = "$(TARGET_NAME)";
				SDKROOT = auto;
				SUPPORTED_PLATFORMS = "iphoneos iphonesimulator macosx xros xrsimulator";
				SWIFT_EMIT_LOC_STRINGS = YES;
				SWIFT_VERSION = 5.0;
				TARGETED_DEVICE_FAMILY = "1,2,7";
				XROS_DEPLOYMENT_TARGET = 2.0;
			};
			name = Release;
		};
		7646BB1D2C7A8C7A00321B24 /* Debug */ = {
			isa = XCBuildConfiguration;
			buildSettings = {
				BUNDLE_LOADER = "$(TEST_HOST)";
				CODE_SIGN_STYLE = Automatic;
				CURRENT_PROJECT_VERSION = 1;
				DEVELOPMENT_TEAM = VEUVN4UK7N;
				GENERATE_INFOPLIST_FILE = YES;
				IPHONEOS_DEPLOYMENT_TARGET = 18.0;
				MACOSX_DEPLOYMENT_TARGET = 14.6;
				MARKETING_VERSION = 1.0;
				PRODUCT_BUNDLE_IDENTIFIER = com.zebaze.SwiftIslandWorkshopTests;
				PRODUCT_NAME = "$(TARGET_NAME)";
				SDKROOT = auto;
				SUPPORTED_PLATFORMS = "iphoneos iphonesimulator macosx xros xrsimulator";
				SWIFT_EMIT_LOC_STRINGS = NO;
				SWIFT_VERSION = 5.0;
				TARGETED_DEVICE_FAMILY = "1,2,7";
				TEST_HOST = "$(BUILT_PRODUCTS_DIR)/SwiftIslandWorkshop.app/$(BUNDLE_EXECUTABLE_FOLDER_PATH)/SwiftIslandWorkshop";
				XROS_DEPLOYMENT_TARGET = 2.0;
			};
			name = Debug;
		};
		7646BB1E2C7A8C7A00321B24 /* Release */ = {
			isa = XCBuildConfiguration;
			buildSettings = {
				BUNDLE_LOADER = "$(TEST_HOST)";
				CODE_SIGN_STYLE = Automatic;
				CURRENT_PROJECT_VERSION = 1;
				DEVELOPMENT_TEAM = VEUVN4UK7N;
				GENERATE_INFOPLIST_FILE = YES;
				IPHONEOS_DEPLOYMENT_TARGET = 18.0;
				MACOSX_DEPLOYMENT_TARGET = 14.6;
				MARKETING_VERSION = 1.0;
				PRODUCT_BUNDLE_IDENTIFIER = com.zebaze.SwiftIslandWorkshopTests;
				PRODUCT_NAME = "$(TARGET_NAME)";
				SDKROOT = auto;
				SUPPORTED_PLATFORMS = "iphoneos iphonesimulator macosx xros xrsimulator";
				SWIFT_EMIT_LOC_STRINGS = NO;
				SWIFT_VERSION = 5.0;
				TARGETED_DEVICE_FAMILY = "1,2,7";
				TEST_HOST = "$(BUILT_PRODUCTS_DIR)/SwiftIslandWorkshop.app/$(BUNDLE_EXECUTABLE_FOLDER_PATH)/SwiftIslandWorkshop";
				XROS_DEPLOYMENT_TARGET = 2.0;
			};
			name = Release;
		};
		7646BB202C7A8C7A00321B24 /* Debug */ = {
			isa = XCBuildConfiguration;
			buildSettings = {
				CODE_SIGN_STYLE = Automatic;
				CURRENT_PROJECT_VERSION = 1;
				DEVELOPMENT_TEAM = VEUVN4UK7N;
				GENERATE_INFOPLIST_FILE = YES;
				IPHONEOS_DEPLOYMENT_TARGET = 18.0;
				MACOSX_DEPLOYMENT_TARGET = 14.6;
				MARKETING_VERSION = 1.0;
				PRODUCT_BUNDLE_IDENTIFIER = com.zebaze.SwiftIslandWorkshopUITests;
				PRODUCT_NAME = "$(TARGET_NAME)";
				SDKROOT = auto;
				SUPPORTED_PLATFORMS = "iphoneos iphonesimulator macosx xros xrsimulator";
				SWIFT_EMIT_LOC_STRINGS = NO;
				SWIFT_VERSION = 5.0;
				TARGETED_DEVICE_FAMILY = "1,2,7";
				TEST_TARGET_NAME = SwiftIslandWorkshop;
				XROS_DEPLOYMENT_TARGET = 2.0;
			};
			name = Debug;
		};
		7646BB212C7A8C7A00321B24 /* Release */ = {
			isa = XCBuildConfiguration;
			buildSettings = {
				CODE_SIGN_STYLE = Automatic;
				CURRENT_PROJECT_VERSION = 1;
				DEVELOPMENT_TEAM = VEUVN4UK7N;
				GENERATE_INFOPLIST_FILE = YES;
				IPHONEOS_DEPLOYMENT_TARGET = 18.0;
				MACOSX_DEPLOYMENT_TARGET = 14.6;
				MARKETING_VERSION = 1.0;
				PRODUCT_BUNDLE_IDENTIFIER = com.zebaze.SwiftIslandWorkshopUITests;
				PRODUCT_NAME = "$(TARGET_NAME)";
				SDKROOT = auto;
				SUPPORTED_PLATFORMS = "iphoneos iphonesimulator macosx xros xrsimulator";
				SWIFT_EMIT_LOC_STRINGS = NO;
				SWIFT_VERSION = 5.0;
				TARGETED_DEVICE_FAMILY = "1,2,7";
				TEST_TARGET_NAME = SwiftIslandWorkshop;
				XROS_DEPLOYMENT_TARGET = 2.0;
			};
			name = Release;
		};
/* End XCBuildConfiguration section */

/* Begin XCConfigurationList section */
		7646BAEF2C7A8C7800321B24 /* Build configuration list for PBXProject "SwiftIslandWorkshop" */ = {
			isa = XCConfigurationList;
			buildConfigurations = (
				7646BB172C7A8C7A00321B24 /* Debug */,
				7646BB182C7A8C7A00321B24 /* Release */,
			);
			defaultConfigurationIsVisible = 0;
			defaultConfigurationName = Release;
		};
		7646BB192C7A8C7A00321B24 /* Build configuration list for PBXNativeTarget "SwiftIslandWorkshop" */ = {
			isa = XCConfigurationList;
			buildConfigurations = (
				7646BB1A2C7A8C7A00321B24 /* Debug */,
				7646BB1B2C7A8C7A00321B24 /* Release */,
			);
			defaultConfigurationIsVisible = 0;
			defaultConfigurationName = Release;
		};
		7646BB1C2C7A8C7A00321B24 /* Build configuration list for PBXNativeTarget "SwiftIslandWorkshopTests" */ = {
			isa = XCConfigurationList;
			buildConfigurations = (
				7646BB1D2C7A8C7A00321B24 /* Debug */,
				7646BB1E2C7A8C7A00321B24 /* Release */,
			);
			defaultConfigurationIsVisible = 0;
			defaultConfigurationName = Release;
		};
		7646BB1F2C7A8C7A00321B24 /* Build configuration list for PBXNativeTarget "SwiftIslandWorkshopUITests" */ = {
			isa = XCConfigurationList;
			buildConfigurations = (
				7646BB202C7A8C7A00321B24 /* Debug */,
				7646BB212C7A8C7A00321B24 /* Release */,
			);
			defaultConfigurationIsVisible = 0;
			defaultConfigurationName = Release;
		};
/* End XCConfigurationList section */
	};
	rootObject = 7646BAEC2C7A8C7800321B24 /* Project object */;
}
